
Microsoft Visual Studio Solution File, Format Version 12.00
# Visual Studio Version 17
VisualStudioVersion = 17.9.34616.47
MinimumVisualStudioVersion = 10.0.40219.1
Project("{8BC9CEB8-8B4A-11D0-8D11-00A0C91BC942}") = "polimorpi", "polimorpi\polimorpi.vcxproj", "{409742DA-26F3-4750-9A27-4EBB64F0BDAB}"
EndProject
Project("{8BC9CEB8-8B4A-11D0-8D11-00A0C91BC942}") = "enkapsulasi", "enkapsulasi\enkapsulasi.vcxproj", "{79FA7501-F27B-47A3-8A00-1C8DC7D5EB84}"
EndProject
Project("{8BC9CEB8-8B4A-11D0-8D11-00A0C91BC942}") = "abstraksi", "abstraksi\abstraksi.vcxproj", "{0970454C-D1D8-4544-918C-9B27B299AAA9}"
EndProject
Project("{8BC9CEB8-8B4A-11D0-8D11-00A0C91BC942}") = "no overriding", "final specifier\final specifier.vcxproj", "{93C74BEA-C8AA-4224-BC0A-CA63C1F27615}"
EndProject
Project("{8BC9CEB8-8B4A-11D0-8D11-00A0C91BC942}") = "no pewarisan", "no pewarisan\no pewarisan.vcxproj", "{C73947A9-9C9F-4DF1-A9B5-C84005BC1F9B}"
EndProject
Project("{8BC9CEB8-8B4A-11D0-8D11-00A0C91BC942}") = "multiwaris", "multiwaris\multiwaris.vcxproj", "{6E26F265-019A-435F-8702-5FC6004ACB66}"
EndProject
Global
	GlobalSection(SolutionConfigurationPlatforms) = preSolution
		Debug|x64 = Debug|x64
		Debug|x86 = Debug|x86
		Release|x64 = Release|x64
		Release|x86 = Release|x86
	EndGlobalSection
	GlobalSection(ProjectConfigurationPlatforms) = postSolution
		{409742DA-26F3-4750-9A27-4EBB64F0BDAB}.Debug|x64.ActiveCfg = Debug|x64
		{409742DA-26F3-4750-9A27-4EBB64F0BDAB}.Debug|x64.Build.0 = Debug|x64
		{409742DA-26F3-4750-9A27-4EBB64F0BDAB}.Debug|x86.ActiveCfg = Debug|Win32
		{409742DA-26F3-4750-9A27-4EBB64F0BDAB}.Debug|x86.Build.0 = Debug|Win32
		{409742DA-26F3-4750-9A27-4EBB64F0BDAB}.Release|x64.ActiveCfg = Release|x64
		{409742DA-26F3-4750-9A27-4EBB64F0BDAB}.Release|x64.Build.0 = Release|x64
		{409742DA-26F3-4750-9A27-4EBB64F0BDAB}.Release|x86.ActiveCfg = Release|Win32
		{409742DA-26F3-4750-9A27-4EBB64F0BDAB}.Release|x86.Build.0 = Release|Win32
		{79FA7501-F27B-47A3-8A00-1C8DC7D5EB84}.Debug|x64.ActiveCfg = Debug|x64
		{79FA7501-F27B-47A3-8A00-1C8DC7D5EB84}.Debug|x64.Build.0 = Debug|x64
		{79FA7501-F27B-47A3-8A00-1C8DC7D5EB84}.Debug|x86.ActiveCfg = Debug|Win32
		{79FA7501-F27B-47A3-8A00-1C8DC7D5EB84}.Debug|x86.Build.0 = Debug|Win32
		{79FA7501-F27B-47A3-8A00-1C8DC7D5EB84}.Release|x64.ActiveCfg = Release|x64
		{79FA7501-F27B-47A3-8A00-1C8DC7D5EB84}.Release|x64.Build.0 = Release|x64
		{79FA7501-F27B-47A3-8A00-1C8DC7D5EB84}.Release|x86.ActiveCfg = Release|Win32
		{79FA7501-F27B-47A3-8A00-1C8DC7D5EB84}.Release|x86.Build.0 = Release|Win32
		{0970454C-D1D8-4544-918C-9B27B299AAA9}.Debug|x64.ActiveCfg = Debug|x64
		{0970454C-D1D8-4544-918C-9B27B299AAA9}.Debug|x64.Build.0 = Debug|x64
		{0970454C-D1D8-4544-918C-9B27B299AAA9}.Debug|x86.ActiveCfg = Debug|Win32
		{0970454C-D1D8-4544-918C-9B27B299AAA9}.Debug|x86.Build.0 = Debug|Win32
		{0970454C-D1D8-4544-918C-9B27B299AAA9}.Release|x64.ActiveCfg = Release|x64
		{0970454C-D1D8-4544-918C-9B27B299AAA9}.Release|x64.Build.0 = Release|x64
		{0970454C-D1D8-4544-918C-9B27B299AAA9}.Release|x86.ActiveCfg = Release|Win32
		{0970454C-D1D8-4544-918C-9B27B299AAA9}.Release|x86.Build.0 = Release|Win32
		{93C74BEA-C8AA-4224-BC0A-CA63C1F27615}.Debug|x64.ActiveCfg = Debug|x64
		{93C74BEA-C8AA-4224-BC0A-CA63C1F27615}.Debug|x64.Build.0 = Debug|x64
		{93C74BEA-C8AA-4224-BC0A-CA63C1F27615}.Debug|x86.ActiveCfg = Debug|Win32
		{93C74BEA-C8AA-4224-BC0A-CA63C1F27615}.Debug|x86.Build.0 = Debug|Win32
		{93C74BEA-C8AA-4224-BC0A-CA63C1F27615}.Release|x64.ActiveCfg = Release|x64
		{93C74BEA-C8AA-4224-BC0A-CA63C1F27615}.Release|x64.Build.0 = Release|x64
		{93C74BEA-C8AA-4224-BC0A-CA63C1F27615}.Release|x86.ActiveCfg = Release|Win32
		{93C74BEA-C8AA-4224-BC0A-CA63C1F27615}.Release|x86.Build.0 = Release|Win32
		{C73947A9-9C9F-4DF1-A9B5-C84005BC1F9B}.Debug|x64.ActiveCfg = Debug|x64
		{C73947A9-9C9F-4DF1-A9B5-C84005BC1F9B}.Debug|x64.Build.0 = Debug|x64
		{C73947A9-9C9F-4DF1-A9B5-C84005BC1F9B}.Debug|x86.ActiveCfg = Debug|Win32
		{C73947A9-9C9F-4DF1-A9B5-C84005BC1F9B}.Debug|x86.Build.0 = Debug|Win32
		{C73947A9-9C9F-4DF1-A9B5-C84005BC1F9B}.Release|x64.ActiveCfg = Release|x64
		{C73947A9-9C9F-4DF1-A9B5-C84005BC1F9B}.Release|x64.Build.0 = Release|x64
		{C73947A9-9C9F-4DF1-A9B5-C84005BC1F9B}.Release|x86.ActiveCfg = Release|Win32
		{C73947A9-9C9F-4DF1-A9B5-C84005BC1F9B}.Release|x86.Build.0 = Release|Win32
		{6E26F265-019A-435F-8702-5FC6004ACB66}.Debug|x64.ActiveCfg = Debug|x64
		{6E26F265-019A-435F-8702-5FC6004ACB66}.Debug|x64.Build.0 = Debug|x64
		{6E26F265-019A-435F-8702-5FC6004ACB66}.Debug|x86.ActiveCfg = Debug|Win32
		{6E26F265-019A-435F-8702-5FC6004ACB66}.Debug|x86.Build.0 = Debug|Win32
		{6E26F265-019A-435F-8702-5FC6004ACB66}.Release|x64.ActiveCfg = Release|x64
		{6E26F265-019A-435F-8702-5FC6004ACB66}.Release|x64.Build.0 = Release|x64
		{6E26F265-019A-435F-8702-5FC6004ACB66}.Release|x86.ActiveCfg = Release|Win32
		{6E26F265-019A-435F-8702-5FC6004ACB66}.Release|x86.Build.0 = Release|Win32
	EndGlobalSection
	GlobalSection(SolutionProperties) = preSolution
		HideSolutionNode = FALSE
	EndGlobalSection
	GlobalSection(ExtensibilityGlobals) = postSolution
		SolutionGuid = {16B1C3BF-CCCD-4EB4-8164-88F1B3A3FB0B}
	EndGlobalSection
EndGlobal
